
Microsoft Visual Studio Solution File, Format Version 12.00
# Visual Studio Version 16
VisualStudioVersion = 16.0.32901.82
MinimumVisualStudioVersion = 10.0.40219.1
Project("{FAE04EC0-301F-11D3-BF4B-00C04F79EFBC}") = "Assignment2", "Assignment2\Assignment2.csproj", "{4B33D2AE-85EF-4C96-B974-5140671728CE}"
EndProject
Global
	GlobalSection(SolutionConfigurationPlatforms) = preSolution
		Debug|Any CPU = Debug|Any CPU
		Release|Any CPU = Release|Any CPU
	EndGlobalSection
	GlobalSection(ProjectConfigurationPlatforms) = postSolution
		{4B33D2AE-85EF-4C96-B974-5140671728CE}.Debug|Any CPU.ActiveCfg = Debug|Any CPU
		{4B33D2AE-85EF-4C96-B974-5140671728CE}.Debug|Any CPU.Build.0 = Debug|Any CPU
		{4B33D2AE-85EF-4C96-B974-5140671728CE}.Release|Any CPU.ActiveCfg = Release|Any CPU
		{4B33D2AE-85EF-4C96-B974-5140671728CE}.Release|Any CPU.Build.0 = Release|Any CPU
	EndGlobalSection
	GlobalSection(SolutionProperties) = preSolution
		HideSolutionNode = FALSE
	EndGlobalSection
	GlobalSection(ExtensibilityGlobals) = postSolution
		SolutionGuid = {5963806F-EC66-4826-AC43-F26E618184FA}
	EndGlobalSection
EndGlobal
