
Microsoft Visual Studio Solution File, Format Version 12.00
# Visual Studio Version 16
VisualStudioVersion = 16.0.32901.82
MinimumVisualStudioVersion = 10.0.40219.1
Project("{FAE04EC0-301F-11D3-BF4B-00C04F79EFBC}") = "BloodDonate", "BloodDonate\BloodDonate.csproj", "{7A0DBE51-E16A-4AB9-9D76-364DC8994F6E}"
EndProject
Project("{FAE04EC0-301F-11D3-BF4B-00C04F79EFBC}") = "BLL", "BLL\BLL.csproj", "{03FB1265-DCD9-4BBE-BC43-E28957867C0F}"
EndProject
Project("{FAE04EC0-301F-11D3-BF4B-00C04F79EFBC}") = "DAL", "DAL\DAL.csproj", "{6AA81E7F-AE3F-44CB-B950-91476AA280B6}"
EndProject
Global
	GlobalSection(SolutionConfigurationPlatforms) = preSolution
		Debug|Any CPU = Debug|Any CPU
		Release|Any CPU = Release|Any CPU
	EndGlobalSection
	GlobalSection(ProjectConfigurationPlatforms) = postSolution
		{7A0DBE51-E16A-4AB9-9D76-364DC8994F6E}.Debug|Any CPU.ActiveCfg = Debug|Any CPU
		{7A0DBE51-E16A-4AB9-9D76-364DC8994F6E}.Debug|Any CPU.Build.0 = Debug|Any CPU
		{7A0DBE51-E16A-4AB9-9D76-364DC8994F6E}.Release|Any CPU.ActiveCfg = Release|Any CPU
		{7A0DBE51-E16A-4AB9-9D76-364DC8994F6E}.Release|Any CPU.Build.0 = Release|Any CPU
		{03FB1265-DCD9-4BBE-BC43-E28957867C0F}.Debug|Any CPU.ActiveCfg = Debug|Any CPU
		{03FB1265-DCD9-4BBE-BC43-E28957867C0F}.Debug|Any CPU.Build.0 = Debug|Any CPU
		{03FB1265-DCD9-4BBE-BC43-E28957867C0F}.Release|Any CPU.ActiveCfg = Release|Any CPU
		{03FB1265-DCD9-4BBE-BC43-E28957867C0F}.Release|Any CPU.Build.0 = Release|Any CPU
		{6AA81E7F-AE3F-44CB-B950-91476AA280B6}.Debug|Any CPU.ActiveCfg = Debug|Any CPU
		{6AA81E7F-AE3F-44CB-B950-91476AA280B6}.Debug|Any CPU.Build.0 = Debug|Any CPU
		{6AA81E7F-AE3F-44CB-B950-91476AA280B6}.Release|Any CPU.ActiveCfg = Release|Any CPU
		{6AA81E7F-AE3F-44CB-B950-91476AA280B6}.Release|Any CPU.Build.0 = Release|Any CPU
	EndGlobalSection
	GlobalSection(SolutionProperties) = preSolution
		HideSolutionNode = FALSE
	EndGlobalSection
	GlobalSection(ExtensibilityGlobals) = postSolution
		SolutionGuid = {7FCC1541-A1A4-42A4-95E6-9FAC1ECF7863}
	EndGlobalSection
EndGlobal
